// !$*UTF8*$!
{
	archiveVersion = 1;
	classes = {
	};
	objectVersion = 46;
	objects = {

/* Begin PBXBuildFile section */
		5F2E2B4A1D8065A300834B33 /* AppDelegate.swift in Sources */ = {isa = PBXBuildFile; fileRef = 5F2E2B491D8065A300834B33 /* AppDelegate.swift */; };
		5F2E2B4C1D8065A300834B33 /* ViewController.swift in Sources */ = {isa = PBXBuildFile; fileRef = 5F2E2B4B1D8065A300834B33 /* ViewController.swift */; };
		5F2E2B4F1D8065A300834B33 /* Main.storyboard in Resources */ = {isa = PBXBuildFile; fileRef = 5F2E2B4D1D8065A300834B33 /* Main.storyboard */; };
		5F2E2B511D8065A300834B33 /* Assets.xcassets in Resources */ = {isa = PBXBuildFile; fileRef = 5F2E2B501D8065A300834B33 /* Assets.xcassets */; };
		5F2E2B541D8065A300834B33 /* LaunchScreen.storyboard in Resources */ = {isa = PBXBuildFile; fileRef = 5F2E2B521D8065A300834B33 /* LaunchScreen.storyboard */; };
		5F2E2B5F1D80674E00834B33 /* Login Button.png in Resources */ = {isa = PBXBuildFile; fileRef = 5F2E2B5D1D80674E00834B33 /* Login Button.png */; };
		5F2E2B601D80674E00834B33 /* Logo-WIP Copy 2.png in Resources */ = {isa = PBXBuildFile; fileRef = 5F2E2B5E1D80674E00834B33 /* Logo-WIP Copy 2.png */; };
		5F2E2B621D80696100834B33 /* BG-Shapes.png in Resources */ = {isa = PBXBuildFile; fileRef = 5F2E2B611D80696100834B33 /* BG-Shapes.png */; };
		5F2E2B641D806A7000834B33 /* Background Gradoemt.png in Resources */ = {isa = PBXBuildFile; fileRef = 5F2E2B631D806A7000834B33 /* Background Gradoemt.png */; };
		5F9DD3F31D8110E60074D093 /* Alamofire.framework in Frameworks */ = {isa = PBXBuildFile; fileRef = 5F9DD3F21D8110E60074D093 /* Alamofire.framework */; };
		5F9DD3F41D8111130074D093 /* Alamofire.framework in Frameworks */ = {isa = PBXBuildFile; fileRef = 5F9DD3F21D8110E60074D093 /* Alamofire.framework */; };
		5F9DD3F51D8111130074D093 /* Alamofire.framework in Embed Frameworks */ = {isa = PBXBuildFile; fileRef = 5F9DD3F21D8110E60074D093 /* Alamofire.framework */; settings = {ATTRIBUTES = (CodeSignOnCopy, RemoveHeadersOnCopy, ); }; };
		5F9DD3F61D8111130074D093 /* Pods_LookingForGroup.framework in Frameworks */ = {isa = PBXBuildFile; fileRef = 76CC882A1F443C4567B79924 /* Pods_LookingForGroup.framework */; };
		5F9DD3F71D8111130074D093 /* Pods_LookingForGroup.framework in Embed Frameworks */ = {isa = PBXBuildFile; fileRef = 76CC882A1F443C4567B79924 /* Pods_LookingForGroup.framework */; settings = {ATTRIBUTES = (CodeSignOnCopy, RemoveHeadersOnCopy, ); }; };
		855B5170BB35C612733FFA72 /* Pods_LookingForGroup.framework in Frameworks */ = {isa = PBXBuildFile; fileRef = 76CC882A1F443C4567B79924 /* Pods_LookingForGroup.framework */; };
/* End PBXBuildFile section */

/* Begin PBXCopyFilesBuildPhase section */
		5F9DD3F81D8111130074D093 /* Embed Frameworks */ = {
			isa = PBXCopyFilesBuildPhase;
			buildActionMask = 2147483647;
			dstPath = "";
			dstSubfolderSpec = 10;
			files = (
				5F9DD3F71D8111130074D093 /* Pods_LookingForGroup.framework in Embed Frameworks */,
				5F9DD3F51D8111130074D093 /* Alamofire.framework in Embed Frameworks */,
			);
			name = "Embed Frameworks";
			runOnlyForDeploymentPostprocessing = 0;
		};
/* End PBXCopyFilesBuildPhase section */

/* Begin PBXFileReference section */
		5F2E2B461D8065A300834B33 /* LookingForGroup.app */ = {isa = PBXFileReference; explicitFileType = wrapper.application; includeInIndex = 0; path = LookingForGroup.app; sourceTree = BUILT_PRODUCTS_DIR; };
		5F2E2B491D8065A300834B33 /* AppDelegate.swift */ = {isa = PBXFileReference; lastKnownFileType = sourcecode.swift; path = AppDelegate.swift; sourceTree = "<group>"; };
		5F2E2B4B1D8065A300834B33 /* ViewController.swift */ = {isa = PBXFileReference; lastKnownFileType = sourcecode.swift; path = ViewController.swift; sourceTree = "<group>"; };
		5F2E2B4E1D8065A300834B33 /* Base */ = {isa = PBXFileReference; lastKnownFileType = file.storyboard; name = Base; path = Base.lproj/Main.storyboard; sourceTree = "<group>"; };
		5F2E2B501D8065A300834B33 /* Assets.xcassets */ = {isa = PBXFileReference; lastKnownFileType = folder.assetcatalog; path = Assets.xcassets; sourceTree = "<group>"; };
		5F2E2B531D8065A300834B33 /* Base */ = {isa = PBXFileReference; lastKnownFileType = file.storyboard; name = Base; path = Base.lproj/LaunchScreen.storyboard; sourceTree = "<group>"; };
		5F2E2B551D8065A300834B33 /* Info.plist */ = {isa = PBXFileReference; lastKnownFileType = text.plist.xml; path = Info.plist; sourceTree = "<group>"; };
		5F2E2B5D1D80674E00834B33 /* Login Button.png */ = {isa = PBXFileReference; lastKnownFileType = image.png; path = "Login Button.png"; sourceTree = "<group>"; };
		5F2E2B5E1D80674E00834B33 /* Logo-WIP Copy 2.png */ = {isa = PBXFileReference; lastKnownFileType = image.png; path = "Logo-WIP Copy 2.png"; sourceTree = "<group>"; };
		5F2E2B611D80696100834B33 /* BG-Shapes.png */ = {isa = PBXFileReference; lastKnownFileType = image.png; path = "BG-Shapes.png"; sourceTree = "<group>"; };
		5F2E2B631D806A7000834B33 /* Background Gradoemt.png */ = {isa = PBXFileReference; lastKnownFileType = image.png; path = "Background Gradoemt.png"; sourceTree = "<group>"; };
		5F9DD3F21D8110E60074D093 /* Alamofire.framework */ = {isa = PBXFileReference; lastKnownFileType = wrapper.framework; name = Alamofire.framework; path = "Pods/../build/Release-iphoneos/Alamofire/Alamofire.framework"; sourceTree = "<group>"; };
		76CC882A1F443C4567B79924 /* Pods_LookingForGroup.framework */ = {isa = PBXFileReference; explicitFileType = wrapper.framework; includeInIndex = 0; path = Pods_LookingForGroup.framework; sourceTree = BUILT_PRODUCTS_DIR; };
		95A75215A59DF2DB35A3D7FC /* Pods-LookingForGroup.debug.xcconfig */ = {isa = PBXFileReference; includeInIndex = 1; lastKnownFileType = text.xcconfig; name = "Pods-LookingForGroup.debug.xcconfig"; path = "Pods/Target Support Files/Pods-LookingForGroup/Pods-LookingForGroup.debug.xcconfig"; sourceTree = "<group>"; };
		DC5E55BCA6443C01CC10BFFC /* Pods-LookingForGroup.release.xcconfig */ = {isa = PBXFileReference; includeInIndex = 1; lastKnownFileType = text.xcconfig; name = "Pods-LookingForGroup.release.xcconfig"; path = "Pods/Target Support Files/Pods-LookingForGroup/Pods-LookingForGroup.release.xcconfig"; sourceTree = "<group>"; };
/* End PBXFileReference section */

/* Begin PBXFrameworksBuildPhase section */
		5F2E2B431D8065A200834B33 /* Frameworks */ = {
			isa = PBXFrameworksBuildPhase;
			buildActionMask = 2147483647;
			files = (
				5F9DD3F31D8110E60074D093 /* Alamofire.framework in Frameworks */,
				5F9DD3F41D8111130074D093 /* Alamofire.framework in Frameworks */,
				5F9DD3F61D8111130074D093 /* Pods_LookingForGroup.framework in Frameworks */,
				855B5170BB35C612733FFA72 /* Pods_LookingForGroup.framework in Frameworks */,
			);
			runOnlyForDeploymentPostprocessing = 0;
		};
/* End PBXFrameworksBuildPhase section */

/* Begin PBXGroup section */
		5F2E2B3D1D8065A200834B33 = {
			isa = PBXGroup;
			children = (
				5F2E2B481D8065A300834B33 /* LookingForGroup */,
				5F2E2B471D8065A300834B33 /* Products */,
				733FA00B7CE149983503EB13 /* Pods */,
				79BEE7E5DF2094B7E38167AB /* Frameworks */,
			);
			sourceTree = "<group>";
		};
		5F2E2B471D8065A300834B33 /* Products */ = {
			isa = PBXGroup;
			children = (
				5F2E2B461D8065A300834B33 /* LookingForGroup.app */,
			);
			name = Products;
			sourceTree = "<group>";
		};
		5F2E2B481D8065A300834B33 /* LookingForGroup */ = {
			isa = PBXGroup;
			children = (
				5F2E2B5B1D80674E00834B33 /* assets */,
				5F2E2B491D8065A300834B33 /* AppDelegate.swift */,
				5F2E2B4B1D8065A300834B33 /* ViewController.swift */,
				5F2E2B4D1D8065A300834B33 /* Main.storyboard */,
				5F2E2B501D8065A300834B33 /* Assets.xcassets */,
				5F2E2B521D8065A300834B33 /* LaunchScreen.storyboard */,
				5F2E2B551D8065A300834B33 /* Info.plist */,
			);
			path = LookingForGroup;
			sourceTree = "<group>";
		};
		5F2E2B5B1D80674E00834B33 /* assets */ = {
			isa = PBXGroup;
			children = (
				5F2E2B5C1D80674E00834B33 /* landing */,
			);
			path = assets;
			sourceTree = "<group>";
		};
		5F2E2B5C1D80674E00834B33 /* landing */ = {
			isa = PBXGroup;
			children = (
				5F2E2B631D806A7000834B33 /* Background Gradoemt.png */,
				5F2E2B611D80696100834B33 /* BG-Shapes.png */,
				5F2E2B5D1D80674E00834B33 /* Login Button.png */,
				5F2E2B5E1D80674E00834B33 /* Logo-WIP Copy 2.png */,
			);
			path = landing;
			sourceTree = "<group>";
		};
		733FA00B7CE149983503EB13 /* Pods */ = {
			isa = PBXGroup;
			children = (
				95A75215A59DF2DB35A3D7FC /* Pods-LookingForGroup.debug.xcconfig */,
				DC5E55BCA6443C01CC10BFFC /* Pods-LookingForGroup.release.xcconfig */,
			);
			name = Pods;
			sourceTree = "<group>";
		};
		79BEE7E5DF2094B7E38167AB /* Frameworks */ = {
			isa = PBXGroup;
			children = (
				5F9DD3F21D8110E60074D093 /* Alamofire.framework */,
				76CC882A1F443C4567B79924 /* Pods_LookingForGroup.framework */,
			);
			name = Frameworks;
			sourceTree = "<group>";
		};
/* End PBXGroup section */

/* Begin PBXNativeTarget section */
		5F2E2B451D8065A200834B33 /* LookingForGroup */ = {
			isa = PBXNativeTarget;
			buildConfigurationList = 5F2E2B581D8065A300834B33 /* Build configuration list for PBXNativeTarget "LookingForGroup" */;
			buildPhases = (
				610EA3E72BB17BDE0A204D8B /* [CP] Check Pods Manifest.lock */,
				5F2E2B421D8065A200834B33 /* Sources */,
				5F2E2B431D8065A200834B33 /* Frameworks */,
				5F2E2B441D8065A200834B33 /* Resources */,
				87B5AFD045D982BBC9F3C719 /* [CP] Embed Pods Frameworks */,
				FC51E245FA260A7D7A054445 /* [CP] Copy Pods Resources */,
				5F9DD3F81D8111130074D093 /* Embed Frameworks */,
			);
			buildRules = (
			);
			dependencies = (
			);
			name = LookingForGroup;
			productName = LookingForGroup;
			productReference = 5F2E2B461D8065A300834B33 /* LookingForGroup.app */;
			productType = "com.apple.product-type.application";
		};
/* End PBXNativeTarget section */

/* Begin PBXProject section */
		5F2E2B3E1D8065A200834B33 /* Project object */ = {
			isa = PBXProject;
			attributes = {
				LastSwiftUpdateCheck = 0730;
				LastUpgradeCheck = 0730;
				ORGANIZATIONNAME = "Dax Richardson";
				TargetAttributes = {
					5F2E2B451D8065A200834B33 = {
						CreatedOnToolsVersion = 7.3;
					};
				};
			};
			buildConfigurationList = 5F2E2B411D8065A200834B33 /* Build configuration list for PBXProject "LookingForGroup" */;
			compatibilityVersion = "Xcode 3.2";
			developmentRegion = English;
			hasScannedForEncodings = 0;
			knownRegions = (
				en,
				Base,
			);
			mainGroup = 5F2E2B3D1D8065A200834B33;
			productRefGroup = 5F2E2B471D8065A300834B33 /* Products */;
			projectDirPath = "";
			projectRoot = "";
			targets = (
				5F2E2B451D8065A200834B33 /* LookingForGroup */,
			);
		};
/* End PBXProject section */

/* Begin PBXResourcesBuildPhase section */
		5F2E2B441D8065A200834B33 /* Resources */ = {
			isa = PBXResourcesBuildPhase;
			buildActionMask = 2147483647;
			files = (
				5F2E2B5F1D80674E00834B33 /* Login Button.png in Resources */,
				5F2E2B541D8065A300834B33 /* LaunchScreen.storyboard in Resources */,
				5F2E2B511D8065A300834B33 /* Assets.xcassets in Resources */,
				5F2E2B4F1D8065A300834B33 /* Main.storyboard in Resources */,
				5F2E2B621D80696100834B33 /* BG-Shapes.png in Resources */,
				5F2E2B641D806A7000834B33 /* Background Gradoemt.png in Resources */,
				5F2E2B601D80674E00834B33 /* Logo-WIP Copy 2.png in Resources */,
			);
			runOnlyForDeploymentPostprocessing = 0;
		};
/* End PBXResourcesBuildPhase section */

/* Begin PBXShellScriptBuildPhase section */
		610EA3E72BB17BDE0A204D8B /* [CP] Check Pods Manifest.lock */ = {
			isa = PBXShellScriptBuildPhase;
			buildActionMask = 2147483647;
			files = (
			);
			inputPaths = (
			);
			name = "[CP] Check Pods Manifest.lock";
			outputPaths = (
			);
			runOnlyForDeploymentPostprocessing = 0;
			shellPath = /bin/sh;
			shellScript = "diff \"${PODS_ROOT}/../Podfile.lock\" \"${PODS_ROOT}/Manifest.lock\" > /dev/null\nif [[ $? != 0 ]] ; then\n    cat << EOM\nerror: The sandbox is not in sync with the Podfile.lock. Run 'pod install' or update your CocoaPods installation.\nEOM\n    exit 1\nfi\n";
			showEnvVarsInLog = 0;
		};
		87B5AFD045D982BBC9F3C719 /* [CP] Embed Pods Frameworks */ = {
			isa = PBXShellScriptBuildPhase;
			buildActionMask = 2147483647;
			files = (
			);
			inputPaths = (
			);
			name = "[CP] Embed Pods Frameworks";
			outputPaths = (
			);
			runOnlyForDeploymentPostprocessing = 0;
			shellPath = /bin/sh;
			shellScript = "\"${SRCROOT}/Pods/Target Support Files/Pods-LookingForGroup/Pods-LookingForGroup-frameworks.sh\"\n";
			showEnvVarsInLog = 0;
		};
		FC51E245FA260A7D7A054445 /* [CP] Copy Pods Resources */ = {
			isa = PBXShellScriptBuildPhase;
			buildActionMask = 2147483647;
			files = (
			);
			inputPaths = (
			);
			name = "[CP] Copy Pods Resources";
			outputPaths = (
			);
			runOnlyForDeploymentPostprocessing = 0;
			shellPath = /bin/sh;
			shellScript = "\"${SRCROOT}/Pods/Target Support Files/Pods-LookingForGroup/Pods-LookingForGroup-resources.sh\"\n";
			showEnvVarsInLog = 0;
		};
/* End PBXShellScriptBuildPhase section */

/* Begin PBXSourcesBuildPhase section */
		5F2E2B421D8065A200834B33 /* Sources */ = {
			isa = PBXSourcesBuildPhase;
			buildActionMask = 2147483647;
			files = (
				5F2E2B4C1D8065A300834B33 /* ViewController.swift in Sources */,
				5F2E2B4A1D8065A300834B33 /* AppDelegate.swift in Sources */,
			);
			runOnlyForDeploymentPostprocessing = 0;
		};
/* End PBXSourcesBuildPhase section */

/* Begin PBXVariantGroup section */
		5F2E2B4D1D8065A300834B33 /* Main.storyboard */ = {
			isa = PBXVariantGroup;
			children = (
				5F2E2B4E1D8065A300834B33 /* Base */,
			);
			name = Main.storyboard;
			sourceTree = "<group>";
		};
		5F2E2B521D8065A300834B33 /* LaunchScreen.storyboard */ = {
			isa = PBXVariantGroup;
			children = (
				5F2E2B531D8065A300834B33 /* Base */,
			);
			name = LaunchScreen.storyboard;
			sourceTree = "<group>";
		};
/* End PBXVariantGroup section */

/* Begin XCBuildConfiguration section */
		5F2E2B561D8065A300834B33 /* Debug */ = {
			isa = XCBuildConfiguration;
			buildSettings = {
				ALWAYS_SEARCH_USER_PATHS = NO;
				CLANG_ANALYZER_NONNULL = YES;
				CLANG_CXX_LANGUAGE_STANDARD = "gnu++0x";
				CLANG_CXX_LIBRARY = "libc++";
				CLANG_ENABLE_MODULES = YES;
				CLANG_ENABLE_OBJC_ARC = YES;
				CLANG_WARN_BOOL_CONVERSION = YES;
				CLANG_WARN_CONSTANT_CONVERSION = YES;
				CLANG_WARN_DIRECT_OBJC_ISA_USAGE = YES_ERROR;
				CLANG_WARN_EMPTY_BODY = YES;
				CLANG_WARN_ENUM_CONVERSION = YES;
				CLANG_WARN_INT_CONVERSION = YES;
				CLANG_WARN_OBJC_ROOT_CLASS = YES_ERROR;
				CLANG_WARN_UNREACHABLE_CODE = YES;
				CLANG_WARN__DUPLICATE_METHOD_MATCH = YES;
				"CODE_SIGN_IDENTITY[sdk=iphoneos*]" = "iPhone Developer";
				COPY_PHASE_STRIP = NO;
				DEBUG_INFORMATION_FORMAT = dwarf;
				ENABLE_STRICT_OBJC_MSGSEND = YES;
				ENABLE_TESTABILITY = YES;
				GCC_C_LANGUAGE_STANDARD = gnu99;
				GCC_DYNAMIC_NO_PIC = NO;
				GCC_NO_COMMON_BLOCKS = YES;
				GCC_OPTIMIZATION_LEVEL = 0;
				GCC_PREPROCESSOR_DEFINITIONS = (
					"DEBUG=1",
					"$(inherited)",
				);
				GCC_WARN_64_TO_32_BIT_CONVERSION = YES;
				GCC_WARN_ABOUT_RETURN_TYPE = YES_ERROR;
				GCC_WARN_UNDECLARED_SELECTOR = YES;
				GCC_WARN_UNINITIALIZED_AUTOS = YES_AGGRESSIVE;
				GCC_WARN_UNUSED_FUNCTION = YES;
				GCC_WARN_UNUSED_VARIABLE = YES;
				IPHONEOS_DEPLOYMENT_TARGET = 9.3;
				MTL_ENABLE_DEBUG_INFO = YES;
				ONLY_ACTIVE_ARCH = YES;
				SDKROOT = iphoneos;
				SWIFT_OPTIMIZATION_LEVEL = "-Onone";
				TARGETED_DEVICE_FAMILY = "1,2";
			};
			name = Debug;
		};
		5F2E2B571D8065A300834B33 /* Release */ = {
			isa = XCBuildConfiguration;
			buildSettings = {
				ALWAYS_SEARCH_USER_PATHS = NO;
				CLANG_ANALYZER_NONNULL = YES;
				CLANG_CXX_LANGUAGE_STANDARD = "gnu++0x";
				CLANG_CXX_LIBRARY = "libc++";
				CLANG_ENABLE_MODULES = YES;
				CLANG_ENABLE_OBJC_ARC = YES;
				CLANG_WARN_BOOL_CONVERSION = YES;
				CLANG_WARN_CONSTANT_CONVERSION = YES;
				CLANG_WARN_DIRECT_OBJC_ISA_USAGE = YES_ERROR;
				CLANG_WARN_EMPTY_BODY = YES;
				CLANG_WARN_ENUM_CONVERSION = YES;
				CLANG_WARN_INT_CONVERSION = YES;
				CLANG_WARN_OBJC_ROOT_CLASS = YES_ERROR;
				CLANG_WARN_UNREACHABLE_CODE = YES;
				CLANG_WARN__DUPLICATE_METHOD_MATCH = YES;
				"CODE_SIGN_IDENTITY[sdk=iphoneos*]" = "iPhone Developer";
				COPY_PHASE_STRIP = NO;
				DEBUG_INFORMATION_FORMAT = "dwarf-with-dsym";
				ENABLE_NS_ASSERTIONS = NO;
				ENABLE_STRICT_OBJC_MSGSEND = YES;
				GCC_C_LANGUAGE_STANDARD = gnu99;
				GCC_NO_COMMON_BLOCKS = YES;
				GCC_WARN_64_TO_32_BIT_CONVERSION = YES;
				GCC_WARN_ABOUT_RETURN_TYPE = YES_ERROR;
				GCC_WARN_UNDECLARED_SELECTOR = YES;
				GCC_WARN_UNINITIALIZED_AUTOS = YES_AGGRESSIVE;
				GCC_WARN_UNUSED_FUNCTION = YES;
				GCC_WARN_UNUSED_VARIABLE = YES;
				IPHONEOS_DEPLOYMENT_TARGET = 9.3;
				MTL_ENABLE_DEBUG_INFO = NO;
				SDKROOT = iphoneos;
				TARGETED_DEVICE_FAMILY = "1,2";
				VALIDATE_PRODUCT = YES;
			};
			name = Release;
		};
		5F2E2B591D8065A300834B33 /* Debug */ = {
			isa = XCBuildConfiguration;
			baseConfigurationReference = 95A75215A59DF2DB35A3D7FC /* Pods-LookingForGroup.debug.xcconfig */;
			buildSettings = {
				ASSETCATALOG_COMPILER_APPICON_NAME = AppIcon;
				FRAMEWORK_SEARCH_PATHS = (
					"$(inherited)",
					"$(PROJECT_DIR)/build/Release-iphoneos/Alamofire",
				);
				INFOPLIST_FILE = LookingForGroup/Info.plist;
				LD_RUNPATH_SEARCH_PATHS = "$(inherited) @executable_path/Frameworks";
				PRODUCT_BUNDLE_IDENTIFIER = Dax.LookingForGroup;
				PRODUCT_NAME = "$(TARGET_NAME)";
			};
			name = Debug;
		};
		5F2E2B5A1D8065A300834B33 /* Release */ = {
			isa = XCBuildConfiguration;
			baseConfigurationReference = DC5E55BCA6443C01CC10BFFC /* Pods-LookingForGroup.release.xcconfig */;
			buildSettings = {
				ASSETCATALOG_COMPILER_APPICON_NAME = AppIcon;
				FRAMEWORK_SEARCH_PATHS = (
					"$(inherited)",
					"$(PROJECT_DIR)/build/Release-iphoneos/Alamofire",
				);
				INFOPLIST_FILE = LookingForGroup/Info.plist;
				LD_RUNPATH_SEARCH_PATHS = "$(inherited) @executable_path/Frameworks";
				PRODUCT_BUNDLE_IDENTIFIER = Dax.LookingForGroup;
				PRODUCT_NAME = "$(TARGET_NAME)";
			};
			name = Release;
		};
/* End XCBuildConfiguration section */

/* Begin XCConfigurationList section */
		5F2E2B411D8065A200834B33 /* Build configuration list for PBXProject "LookingForGroup" */ = {
			isa = XCConfigurationList;
			buildConfigurations = (
				5F2E2B561D8065A300834B33 /* Debug */,
				5F2E2B571D8065A300834B33 /* Release */,
			);
			defaultConfigurationIsVisible = 0;
			defaultConfigurationName = Release;
		};
		5F2E2B581D8065A300834B33 /* Build configuration list for PBXNativeTarget "LookingForGroup" */ = {
			isa = XCConfigurationList;
			buildConfigurations = (
				5F2E2B591D8065A300834B33 /* Debug */,
				5F2E2B5A1D8065A300834B33 /* Release */,
			);
			defaultConfigurationIsVisible = 0;
			defaultConfigurationName = Release;
		};
/* End XCConfigurationList section */
	};
	rootObject = 5F2E2B3E1D8065A200834B33 /* Project object */;
}
